PODS:
  - AFNetworking/NSURLSession (3.2.1):
    - AFNetworking/Reachability
    - AFNetworking/Security
    - AFNetworking/Serialization
  - AFNetworking/Reachability (3.2.1)
  - AFNetworking/Security (3.2.1)
  - AFNetworking/Serialization (3.2.1)
  - QBNetworking_AF_V3 (0.0.1):
    - AFNetworking/NSURLSession (~> 3.0)

DEPENDENCIES:
  - QBNetworking_AF_V3 (from `../`)

SPEC REPOS:
  trunk:
    - AFNetworking

EXTERNAL SOURCES:
  QBNetworking_AF_V3:
    :path: "../"

SPEC CHECKSUMS:
  AFNetworking: b6f891fdfaed196b46c7a83cf209e09697b94057
  QBNetworking_AF_V3: d08f3fbfee4ad4fffc0999ef74556e898af2d844

PODFILE CHECKSUM: 20f8b40bd43cfcaf43b0321d7b48163f0e02f68a

COCOAPODS: 1.9.3
